
Microsoft Visual Studio Solution File, Format Version 12.00
# Visual Studio Version 17
VisualStudioVersion = 17.0.31903.59
MinimumVisualStudioVersion = 10.0.40219.1
Project("{2150E333-8FDC-42A3-9474-1A3956D46DE8}") = "src", "src", "{827E0CD3-B72D-47B6-A68D-7590B98EB39B}"
EndProject
Project("{FAE04EC0-301F-11D3-BF4B-00C04F79EFBC}") = "Aggregator", "src\Aggregator\Aggregator.csproj", "{969144C3-13D6-44AC-831E-1156F20BBFAF}"
EndProject
Project("{FAE04EC0-301F-11D3-BF4B-00C04F79EFBC}") = "ApiGateway", "src\ApiGateway\ApiGateway.csproj", "{8098BCD8-F4F2-4E6C-9D7B-3559D5A9B018}"
EndProject
Project("{FAE04EC0-301F-11D3-BF4B-00C04F79EFBC}") = "Bff", "src\Bff\Bff.csproj", "{B13965C1-4D63-48D0-A2F3-91B1973A6B72}"
EndProject
Project("{2150E333-8FDC-42A3-9474-1A3956D46DE8}") = "Services", "Services", "{984BB9B3-3FA3-BE33-9484-CAC21695A33C}"
EndProject
Project("{FAE04EC0-301F-11D3-BF4B-00C04F79EFBC}") = "OrderService", "src\Services\OrderService\OrderService.csproj", "{78AAA12A-7875-4979-9347-AA375CABE9AD}"
EndProject
Project("{FAE04EC0-301F-11D3-BF4B-00C04F79EFBC}") = "ProductService", "src\Services\ProductService\ProductService.csproj", "{B70F50C0-3F3B-4F95-A7E7-94477DA87CCB}"
EndProject
Project("{FAE04EC0-301F-11D3-BF4B-00C04F79EFBC}") = "UserService", "src\Services\UserService\UserService.csproj", "{29965206-A7F3-4D98-B8D1-3D36331DB856}"
EndProject
Global
	GlobalSection(SolutionConfigurationPlatforms) = preSolution
		Debug|Any CPU = Debug|Any CPU
		Debug|x64 = Debug|x64
		Debug|x86 = Debug|x86
		Release|Any CPU = Release|Any CPU
		Release|x64 = Release|x64
		Release|x86 = Release|x86
	EndGlobalSection
	GlobalSection(ProjectConfigurationPlatforms) = postSolution
		{969144C3-13D6-44AC-831E-1156F20BBFAF}.Debug|Any CPU.ActiveCfg = Debug|Any CPU
		{969144C3-13D6-44AC-831E-1156F20BBFAF}.Debug|Any CPU.Build.0 = Debug|Any CPU
		{969144C3-13D6-44AC-831E-1156F20BBFAF}.Debug|x64.ActiveCfg = Debug|Any CPU
		{969144C3-13D6-44AC-831E-1156F20BBFAF}.Debug|x64.Build.0 = Debug|Any CPU
		{969144C3-13D6-44AC-831E-1156F20BBFAF}.Debug|x86.ActiveCfg = Debug|Any CPU
		{969144C3-13D6-44AC-831E-1156F20BBFAF}.Debug|x86.Build.0 = Debug|Any CPU
		{969144C3-13D6-44AC-831E-1156F20BBFAF}.Release|Any CPU.ActiveCfg = Release|Any CPU
		{969144C3-13D6-44AC-831E-1156F20BBFAF}.Release|Any CPU.Build.0 = Release|Any CPU
		{969144C3-13D6-44AC-831E-1156F20BBFAF}.Release|x64.ActiveCfg = Release|Any CPU
		{969144C3-13D6-44AC-831E-1156F20BBFAF}.Release|x64.Build.0 = Release|Any CPU
		{969144C3-13D6-44AC-831E-1156F20BBFAF}.Release|x86.ActiveCfg = Release|Any CPU
		{969144C3-13D6-44AC-831E-1156F20BBFAF}.Release|x86.Build.0 = Release|Any CPU
		{8098BCD8-F4F2-4E6C-9D7B-3559D5A9B018}.Debug|Any CPU.ActiveCfg = Debug|Any CPU
		{8098BCD8-F4F2-4E6C-9D7B-3559D5A9B018}.Debug|Any CPU.Build.0 = Debug|Any CPU
		{8098BCD8-F4F2-4E6C-9D7B-3559D5A9B018}.Debug|x64.ActiveCfg = Debug|Any CPU
		{8098BCD8-F4F2-4E6C-9D7B-3559D5A9B018}.Debug|x64.Build.0 = Debug|Any CPU
		{8098BCD8-F4F2-4E6C-9D7B-3559D5A9B018}.Debug|x86.ActiveCfg = Debug|Any CPU
		{8098BCD8-F4F2-4E6C-9D7B-3559D5A9B018}.Debug|x86.Build.0 = Debug|Any CPU
		{8098BCD8-F4F2-4E6C-9D7B-3559D5A9B018}.Release|Any CPU.ActiveCfg = Release|Any CPU
		{8098BCD8-F4F2-4E6C-9D7B-3559D5A9B018}.Release|Any CPU.Build.0 = Release|Any CPU
		{8098BCD8-F4F2-4E6C-9D7B-3559D5A9B018}.Release|x64.ActiveCfg = Release|Any CPU
		{8098BCD8-F4F2-4E6C-9D7B-3559D5A9B018}.Release|x64.Build.0 = Release|Any CPU
		{8098BCD8-F4F2-4E6C-9D7B-3559D5A9B018}.Release|x86.ActiveCfg = Release|Any CPU
		{8098BCD8-F4F2-4E6C-9D7B-3559D5A9B018}.Release|x86.Build.0 = Release|Any CPU
		{B13965C1-4D63-48D0-A2F3-91B1973A6B72}.Debug|Any CPU.ActiveCfg = Debug|Any CPU
		{B13965C1-4D63-48D0-A2F3-91B1973A6B72}.Debug|Any CPU.Build.0 = Debug|Any CPU
		{B13965C1-4D63-48D0-A2F3-91B1973A6B72}.Debug|x64.ActiveCfg = Debug|Any CPU
		{B13965C1-4D63-48D0-A2F3-91B1973A6B72}.Debug|x64.Build.0 = Debug|Any CPU
		{B13965C1-4D63-48D0-A2F3-91B1973A6B72}.Debug|x86.ActiveCfg = Debug|Any CPU
		{B13965C1-4D63-48D0-A2F3-91B1973A6B72}.Debug|x86.Build.0 = Debug|Any CPU
		{B13965C1-4D63-48D0-A2F3-91B1973A6B72}.Release|Any CPU.ActiveCfg = Release|Any CPU
		{B13965C1-4D63-48D0-A2F3-91B1973A6B72}.Release|Any CPU.Build.0 = Release|Any CPU
		{B13965C1-4D63-48D0-A2F3-91B1973A6B72}.Release|x64.ActiveCfg = Release|Any CPU
		{B13965C1-4D63-48D0-A2F3-91B1973A6B72}.Release|x64.Build.0 = Release|Any CPU
		{B13965C1-4D63-48D0-A2F3-91B1973A6B72}.Release|x86.ActiveCfg = Release|Any CPU
		{B13965C1-4D63-48D0-A2F3-91B1973A6B72}.Release|x86.Build.0 = Release|Any CPU
		{78AAA12A-7875-4979-9347-AA375CABE9AD}.Debug|Any CPU.ActiveCfg = Debug|Any CPU
		{78AAA12A-7875-4979-9347-AA375CABE9AD}.Debug|Any CPU.Build.0 = Debug|Any CPU
		{78AAA12A-7875-4979-9347-AA375CABE9AD}.Debug|x64.ActiveCfg = Debug|Any CPU
		{78AAA12A-7875-4979-9347-AA375CABE9AD}.Debug|x64.Build.0 = Debug|Any CPU
		{78AAA12A-7875-4979-9347-AA375CABE9AD}.Debug|x86.ActiveCfg = Debug|Any CPU
		{78AAA12A-7875-4979-9347-AA375CABE9AD}.Debug|x86.Build.0 = Debug|Any CPU
		{78AAA12A-7875-4979-9347-AA375CABE9AD}.Release|Any CPU.ActiveCfg = Release|Any CPU
		{78AAA12A-7875-4979-9347-AA375CABE9AD}.Release|Any CPU.Build.0 = Release|Any CPU
		{78AAA12A-7875-4979-9347-AA375CABE9AD}.Release|x64.ActiveCfg = Release|Any CPU
		{78AAA12A-7875-4979-9347-AA375CABE9AD}.Release|x64.Build.0 = Release|Any CPU
		{78AAA12A-7875-4979-9347-AA375CABE9AD}.Release|x86.ActiveCfg = Release|Any CPU
		{78AAA12A-7875-4979-9347-AA375CABE9AD}.Release|x86.Build.0 = Release|Any CPU
		{B70F50C0-3F3B-4F95-A7E7-94477DA87CCB}.Debug|Any CPU.ActiveCfg = Debug|Any CPU
		{B70F50C0-3F3B-4F95-A7E7-94477DA87CCB}.Debug|Any CPU.Build.0 = Debug|Any CPU
		{B70F50C0-3F3B-4F95-A7E7-94477DA87CCB}.Debug|x64.ActiveCfg = Debug|Any CPU
		{B70F50C0-3F3B-4F95-A7E7-94477DA87CCB}.Debug|x64.Build.0 = Debug|Any CPU
		{B70F50C0-3F3B-4F95-A7E7-94477DA87CCB}.Debug|x86.ActiveCfg = Debug|Any CPU
		{B70F50C0-3F3B-4F95-A7E7-94477DA87CCB}.Debug|x86.Build.0 = Debug|Any CPU
		{B70F50C0-3F3B-4F95-A7E7-94477DA87CCB}.Release|Any CPU.ActiveCfg = Release|Any CPU
		{B70F50C0-3F3B-4F95-A7E7-94477DA87CCB}.Release|Any CPU.Build.0 = Release|Any CPU
		{B70F50C0-3F3B-4F95-A7E7-94477DA87CCB}.Release|x64.ActiveCfg = Release|Any CPU
		{B70F50C0-3F3B-4F95-A7E7-94477DA87CCB}.Release|x64.Build.0 = Release|Any CPU
		{B70F50C0-3F3B-4F95-A7E7-94477DA87CCB}.Release|x86.ActiveCfg = Release|Any CPU
		{B70F50C0-3F3B-4F95-A7E7-94477DA87CCB}.Release|x86.Build.0 = Release|Any CPU
		{29965206-A7F3-4D98-B8D1-3D36331DB856}.Debug|Any CPU.ActiveCfg = Debug|Any CPU
		{29965206-A7F3-4D98-B8D1-3D36331DB856}.Debug|Any CPU.Build.0 = Debug|Any CPU
		{29965206-A7F3-4D98-B8D1-3D36331DB856}.Debug|x64.ActiveCfg = Debug|Any CPU
		{29965206-A7F3-4D98-B8D1-3D36331DB856}.Debug|x64.Build.0 = Debug|Any CPU
		{29965206-A7F3-4D98-B8D1-3D36331DB856}.Debug|x86.ActiveCfg = Debug|Any CPU
		{29965206-A7F3-4D98-B8D1-3D36331DB856}.Debug|x86.Build.0 = Debug|Any CPU
		{29965206-A7F3-4D98-B8D1-3D36331DB856}.Release|Any CPU.ActiveCfg = Release|Any CPU
		{29965206-A7F3-4D98-B8D1-3D36331DB856}.Release|Any CPU.Build.0 = Release|Any CPU
		{29965206-A7F3-4D98-B8D1-3D36331DB856}.Release|x64.ActiveCfg = Release|Any CPU
		{29965206-A7F3-4D98-B8D1-3D36331DB856}.Release|x64.Build.0 = Release|Any CPU
		{29965206-A7F3-4D98-B8D1-3D36331DB856}.Release|x86.ActiveCfg = Release|Any CPU
		{29965206-A7F3-4D98-B8D1-3D36331DB856}.Release|x86.Build.0 = Release|Any CPU
	EndGlobalSection
	GlobalSection(SolutionProperties) = preSolution
		HideSolutionNode = FALSE
	EndGlobalSection
	GlobalSection(NestedProjects) = preSolution
		{969144C3-13D6-44AC-831E-1156F20BBFAF} = {827E0CD3-B72D-47B6-A68D-7590B98EB39B}
		{8098BCD8-F4F2-4E6C-9D7B-3559D5A9B018} = {827E0CD3-B72D-47B6-A68D-7590B98EB39B}
		{B13965C1-4D63-48D0-A2F3-91B1973A6B72} = {827E0CD3-B72D-47B6-A68D-7590B98EB39B}
		{984BB9B3-3FA3-BE33-9484-CAC21695A33C} = {827E0CD3-B72D-47B6-A68D-7590B98EB39B}
		{78AAA12A-7875-4979-9347-AA375CABE9AD} = {984BB9B3-3FA3-BE33-9484-CAC21695A33C}
		{B70F50C0-3F3B-4F95-A7E7-94477DA87CCB} = {984BB9B3-3FA3-BE33-9484-CAC21695A33C}
		{29965206-A7F3-4D98-B8D1-3D36331DB856} = {984BB9B3-3FA3-BE33-9484-CAC21695A33C}
	EndGlobalSection
EndGlobal
